
Microsoft Visual Studio Solution File, Format Version 12.00
# Visual Studio Version 17
VisualStudioVersion = 17.2.32505.173
MinimumVisualStudioVersion = 10.0.40219.1
Project("{FAE04EC0-301F-11D3-BF4B-00C04F79EFBC}") = "Montessori", "Montessori\Montessori.csproj", "{95999E15-6810-4445-8248-81185FAE8EE0}"
EndProject
Global
	GlobalSection(SolutionConfigurationPlatforms) = preSolution
		Debug|Any CPU = Debug|Any CPU
		Release|Any CPU = Release|Any CPU
	EndGlobalSection
	GlobalSection(ProjectConfigurationPlatforms) = postSolution
		{95999E15-6810-4445-8248-81185FAE8EE0}.Debug|Any CPU.ActiveCfg = Debug|Any CPU
		{95999E15-6810-4445-8248-81185FAE8EE0}.Debug|Any CPU.Build.0 = Debug|Any CPU
		{95999E15-6810-4445-8248-81185FAE8EE0}.Release|Any CPU.ActiveCfg = Release|Any CPU
		{95999E15-6810-4445-8248-81185FAE8EE0}.Release|Any CPU.Build.0 = Release|Any CPU
	EndGlobalSection
	GlobalSection(SolutionProperties) = preSolution
		HideSolutionNode = FALSE
	EndGlobalSection
	GlobalSection(ExtensibilityGlobals) = postSolution
		SolutionGuid = {0546CD8D-E74E-44A3-A8EA-A14679143A05}
	EndGlobalSection
EndGlobal
